// !$*UTF8*$!
{
	archiveVersion = 1;
	classes = {
	};
	objectVersion = 77;
	objects = {

/* Begin PBXBuildFile section */
		9EB5967C2F98EE7000CA0337 /* .gitignore in Resources */ = {isa = PBXBuildFile; fileRef = 9EB5967B2F98EE7000CA0337 /* .gitignore */; };
		9EB5967F2F98F8C300CA0337 /* ComposableArchitecture in Frameworks */ = {isa = PBXBuildFile; productRef = 9EB5967E2F98F8C300CA0337 /* ComposableArchitecture */; };
		9EB596832F98FB1C00CA0337 /* KakaoSDKAuth in Frameworks */ = {isa = PBXBuildFile; productRef = 9EB596822F98FB1C00CA0337 /* KakaoSDKAuth */; };
		9EB596852F98FB1C00CA0337 /* KakaoSDKCommon in Frameworks */ = {isa = PBXBuildFile; productRef = 9EB596842F98FB1C00CA0337 /* KakaoSDKCommon */; };
		9EB596872F98FB1C00CA0337 /* KakaoSDKUser in Frameworks */ = {isa = PBXBuildFile; productRef = 9EB596862F98FB1C00CA0337 /* KakaoSDKUser */; };
/* End PBXBuildFile section */

/* Begin PBXContainerItemProxy section */
		9EB5965F2F98B57100CA0337 /* PBXContainerItemProxy */ = {
			isa = PBXContainerItemProxy;
			containerPortal = 9EB596492F98B56F00CA0337 /* Project object */;
			proxyType = 1;
			remoteGlobalIDString = 9EB596502F98B56F00CA0337;
			remoteInfo = Filterz;
		};
		9EB596692F98B57100CA0337 /* PBXContainerItemProxy */ = {
			isa = PBXContainerItemProxy;
			containerPortal = 9EB596492F98B56F00CA0337 /* Project object */;
			proxyType = 1;
			remoteGlobalIDString = 9EB596502F98B56F00CA0337;
			remoteInfo = Filterz;
		};
/* End PBXContainerItemProxy section */

/* Begin PBXFileReference section */
		9EB596512F98B56F00CA0337 /* Filterz.app */ = {isa = PBXFileReference; explicitFileType = wrapper.application; includeInIndex = 0; path = Filterz.app; sourceTree = BUILT_PRODUCTS_DIR; };
		9EB5965E2F98B57100CA0337 /* FilterzTests.xctest */ = {isa = PBXFileReference; explicitFileType = wrapper.cfbundle; includeInIndex = 0; path = FilterzTests.xctest; sourceTree = BUILT_PRODUCTS_DIR; };
		9EB596682F98B57100CA0337 /* FilterzUITests.xctest */ = {isa = PBXFileReference; explicitFileType = wrapper.cfbundle; includeInIndex = 0; path = FilterzUITests.xctest; sourceTree = BUILT_PRODUCTS_DIR; };
		9EB5967B2F98EE7000CA0337 /* .gitignore */ = {isa = PBXFileReference; lastKnownFileType = text; path = .gitignore; sourceTree = "<group>"; };
/* End PBXFileReference section */

/* Begin PBXFileSystemSynchronizedRootGroup section */
		9EB596532F98B56F00CA0337 /* Filterz */ = {
			isa = PBXFileSystemSynchronizedRootGroup;
			path = Filterz;
			sourceTree = "<group>";
		};
		9EB596612F98B57100CA0337 /* FilterzTests */ = {
			isa = PBXFileSystemSynchronizedRootGroup;
			path = FilterzTests;
			sourceTree = "<group>";
		};
		9EB5966B2F98B57100CA0337 /* FilterzUITests */ = {
			isa = PBXFileSystemSynchronizedRootGroup;
			path = FilterzUITests;
			sourceTree = "<group>";
		};
/* End PBXFileSystemSynchronizedRootGroup section */

/* Begin PBXFrameworksBuildPhase section */
		9EB5964E2F98B56F00CA0337 /* Frameworks */ = {
			isa = PBXFrameworksBuildPhase;
			buildActionMask = 2147483647;
			files = (
				9EB596872F98FB1C00CA0337 /* KakaoSDKUser in Frameworks */,
				9EB5967F2F98F8C300CA0337 /* ComposableArchitecture in Frameworks */,
				9EB596852F98FB1C00CA0337 /* KakaoSDKCommon in Frameworks */,
				9EB596832F98FB1C00CA0337 /* KakaoSDKAuth in Frameworks */,
			);
			runOnlyForDeploymentPostprocessing = 0;
		};
		9EB5965B2F98B57100CA0337 /* Frameworks */ = {
			isa = PBXFrameworksBuildPhase;
			buildActionMask = 2147483647;
			files = (
			);
			runOnlyForDeploymentPostprocessing = 0;
		};
		9EB596652F98B57100CA0337 /* Frameworks */ = {
			isa = PBXFrameworksBuildPhase;
			buildActionMask = 2147483647;
			files = (
			);
			runOnlyForDeploymentPostprocessing = 0;
		};
/* End PBXFrameworksBuildPhase section */

/* Begin PBXGroup section */
		9EB596482F98B56F00CA0337 = {
			isa = PBXGroup;
			children = (
				9EB5967B2F98EE7000CA0337 /* .gitignore */,
				9EB596532F98B56F00CA0337 /* Filterz */,
				9EB596612F98B57100CA0337 /* FilterzTests */,
				9EB5966B2F98B57100CA0337 /* FilterzUITests */,
				9EB596522F98B56F00CA0337 /* Products */,
			);
			sourceTree = "<group>";
		};
		9EB596522F98B56F00CA0337 /* Products */ = {
			isa = PBXGroup;
			children = (
				9EB596512F98B56F00CA0337 /* Filterz.app */,
				9EB5965E2F98B57100CA0337 /* FilterzTests.xctest */,
				9EB596682F98B57100CA0337 /* FilterzUITests.xctest */,
			);
			name = Products;
			sourceTree = "<group>";
		};
/* End PBXGroup section */

/* Begin PBXNativeTarget section */
		9EB596502F98B56F00CA0337 /* Filterz */ = {
			isa = PBXNativeTarget;
			buildConfigurationList = 9EB596722F98B57100CA0337 /* Build configuration list for PBXNativeTarget "Filterz" */;
			buildPhases = (
				9EB5964D2F98B56F00CA0337 /* Sources */,
				9EB5964E2F98B56F00CA0337 /* Frameworks */,
				9EB5964F2F98B56F00CA0337 /* Resources */,
			);
			buildRules = (
			);
			dependencies = (
			);
			fileSystemSynchronizedGroups = (
				9EB596532F98B56F00CA0337 /* Filterz */,
			);
			name = Filterz;
			packageProductDependencies = (
				9EB5967E2F98F8C300CA0337 /* ComposableArchitecture */,
				9EB596822F98FB1C00CA0337 /* KakaoSDKAuth */,
				9EB596842F98FB1C00CA0337 /* KakaoSDKCommon */,
				9EB596862F98FB1C00CA0337 /* KakaoSDKUser */,
			);
			productName = Filterz;
			productReference = 9EB596512F98B56F00CA0337 /* Filterz.app */;
			productType = "com.apple.product-type.application";
		};
		9EB5965D2F98B57100CA0337 /* FilterzTests */ = {
			isa = PBXNativeTarget;
			buildConfigurationList = 9EB596752F98B57100CA0337 /* Build configuration list for PBXNativeTarget "FilterzTests" */;
			buildPhases = (
				9EB5965A2F98B57100CA0337 /* Sources */,
				9EB5965B2F98B57100CA0337 /* Frameworks */,
				9EB5965C2F98B57100CA0337 /* Resources */,
			);
			buildRules = (
			);
			dependencies = (
				9EB596602F98B57100CA0337 /* PBXTargetDependency */,
			);
			fileSystemSynchronizedGroups = (
				9EB596612F98B57100CA0337 /* FilterzTests */,
			);
			name = FilterzTests;
			packageProductDependencies = (
			);
			productName = FilterzTests;
			productReference = 9EB5965E2F98B57100CA0337 /* FilterzTests.xctest */;
			productType = "com.apple.product-type.bundle.unit-test";
		};
		9EB596672F98B57100CA0337 /* FilterzUITests */ = {
			isa = PBXNativeTarget;
			buildConfigurationList = 9EB596782F98B57100CA0337 /* Build configuration list for PBXNativeTarget "FilterzUITests" */;
			buildPhases = (
				9EB596642F98B57100CA0337 /* Sources */,
				9EB596652F98B57100CA0337 /* Frameworks */,
				9EB596662F98B57100CA0337 /* Resources */,
			);
			buildRules = (
			);
			dependencies = (
				9EB5966A2F98B57100CA0337 /* PBXTargetDependency */,
			);
			fileSystemSynchronizedGroups = (
				9EB5966B2F98B57100CA0337 /* FilterzUITests */,
			);
			name = FilterzUITests;
			packageProductDependencies = (
			);
			productName = FilterzUITests;
			productReference = 9EB596682F98B57100CA0337 /* FilterzUITests.xctest */;
			productType = "com.apple.product-type.bundle.ui-testing";
		};
/* End PBXNativeTarget section */

/* Begin PBXProject section */
		9EB596492F98B56F00CA0337 /* Project object */ = {
			isa = PBXProject;
			attributes = {
				BuildIndependentTargetsInParallel = 1;
				LastSwiftUpdateCheck = 2640;
				LastUpgradeCheck = 2640;
				TargetAttributes = {
					9EB596502F98B56F00CA0337 = {
						CreatedOnToolsVersion = 26.4.1;
					};
					9EB5965D2F98B57100CA0337 = {
						CreatedOnToolsVersion = 26.4.1;
						TestTargetID = 9EB596502F98B56F00CA0337;
					};
					9EB596672F98B57100CA0337 = {
						CreatedOnToolsVersion = 26.4.1;
						TestTargetID = 9EB596502F98B56F00CA0337;
					};
				};
			};
			buildConfigurationList = 9EB5964C2F98B56F00CA0337 /* Build configuration list for PBXProject "Filterz" */;
			developmentRegion = en;
			hasScannedForEncodings = 0;
			knownRegions = (
				en,
				Base,
			);
			mainGroup = 9EB596482F98B56F00CA0337;
			minimizedProjectReferenceProxies = 1;
			packageReferences = (
				9EB5967D2F98F8C300CA0337 /* XCRemoteSwiftPackageReference "swift-composable-architecture" */,
				9EB596812F98FB1C00CA0337 /* XCRemoteSwiftPackageReference "kakao-ios-sdk" */,
			);
			preferredProjectObjectVersion = 77;
			productRefGroup = 9EB596522F98B56F00CA0337 /* Products */;
			projectDirPath = "";
			projectRoot = "";
			targets = (
				9EB596502F98B56F00CA0337 /* Filterz */,
				9EB5965D2F98B57100CA0337 /* FilterzTests */,
				9EB596672F98B57100CA0337 /* FilterzUITests */,
			);
		};
/* End PBXProject section */

/* Begin PBXResourcesBuildPhase section */
		9EB5964F2F98B56F00CA0337 /* Resources */ = {
			isa = PBXResourcesBuildPhase;
			buildActionMask = 2147483647;
			files = (
				9EB5967C2F98EE7000CA0337 /* .gitignore in Resources */,
			);
			runOnlyForDeploymentPostprocessing = 0;
		};
		9EB5965C2F98B57100CA0337 /* Resources */ = {
			isa = PBXResourcesBuildPhase;
			buildActionMask = 2147483647;
			files = (
			);
			runOnlyForDeploymentPostprocessing = 0;
		};
		9EB596662F98B57100CA0337 /* Resources */ = {
			isa = PBXResourcesBuildPhase;
			buildActionMask = 2147483647;
			files = (
			);
			runOnlyForDeploymentPostprocessing = 0;
		};
/* End PBXResourcesBuildPhase section */

/* Begin PBXSourcesBuildPhase section */
		9EB5964D2F98B56F00CA0337 /* Sources */ = {
			isa = PBXSourcesBuildPhase;
			buildActionMask = 2147483647;
			files = (
			);
			runOnlyForDeploymentPostprocessing = 0;
		};
		9EB5965A2F98B57100CA0337 /* Sources */ = {
			isa = PBXSourcesBuildPhase;
			buildActionMask = 2147483647;
			files = (
			);
			runOnlyForDeploymentPostprocessing = 0;
		};
		9EB596642F98B57100CA0337 /* Sources */ = {
			isa = PBXSourcesBuildPhase;
			buildActionMask = 2147483647;
			files = (
			);
			runOnlyForDeploymentPostprocessing = 0;
		};
/* End PBXSourcesBuildPhase section */

/* Begin PBXTargetDependency section */
		9EB596602F98B57100CA0337 /* PBXTargetDependency */ = {
			isa = PBXTargetDependency;
			target = 9EB596502F98B56F00CA0337 /* Filterz */;
			targetProxy = 9EB5965F2F98B57100CA0337 /* PBXContainerItemProxy */;
		};
		9EB5966A2F98B57100CA0337 /* PBXTargetDependency */ = {
			isa = PBXTargetDependency;
			target = 9EB596502F98B56F00CA0337 /* Filterz */;
			targetProxy = 9EB596692F98B57100CA0337 /* PBXContainerItemProxy */;
		};
/* End PBXTargetDependency section */

/* Begin XCBuildConfiguration section */
		9EB596702F98B57100CA0337 /* Debug */ = {
			isa = XCBuildConfiguration;
			buildSettings = {
				ALWAYS_SEARCH_USER_PATHS = NO;
				ASSETCATALOG_COMPILER_GENERATE_SWIFT_ASSET_SYMBOL_EXTENSIONS = YES;
				CLANG_ANALYZER_NONNULL = YES;
				CLANG_ANALYZER_NUMBER_OBJECT_CONVERSION = YES_AGGRESSIVE;
				CLANG_CXX_LANGUAGE_STANDARD = "gnu++20";
				CLANG_ENABLE_MODULES = YES;
				CLANG_ENABLE_OBJC_ARC = YES;
				CLANG_ENABLE_OBJC_WEAK = YES;
				CLANG_WARN_BLOCK_CAPTURE_AUTORELEASING = YES;
				CLANG_WARN_BOOL_CONVERSION = YES;
				CLANG_WARN_COMMA = YES;
				CLANG_WARN_CONSTANT_CONVERSION = YES;
				CLANG_WARN_DEPRECATED_OBJC_IMPLEMENTATIONS = YES;
				CLANG_WARN_DIRECT_OBJC_ISA_USAGE = YES_ERROR;
				CLANG_WARN_DOCUMENTATION_COMMENTS = YES;
				CLANG_WARN_EMPTY_BODY = YES;
				CLANG_WARN_ENUM_CONVERSION = YES;
				CLANG_WARN_INFINITE_RECURSION = YES;
				CLANG_WARN_INT_CONVERSION = YES;
				CLANG_WARN_NON_LITERAL_NULL_CONVERSION = YES;
				CLANG_WARN_OBJC_IMPLICIT_RETAIN_SELF = YES;
				CLANG_WARN_OBJC_LITERAL_CONVERSION = YES;
				CLANG_WARN_OBJC_ROOT_CLASS = YES_ERROR;
				CLANG_WARN_QUOTED_INCLUDE_IN_FRAMEWORK_HEADER = YES;
				CLANG_WARN_RANGE_LOOP_ANALYSIS = YES;
				CLANG_WARN_STRICT_PROTOTYPES = YES;
				CLANG_WARN_SUSPICIOUS_MOVE = YES;
				CLANG_WARN_UNGUARDED_AVAILABILITY = YES_AGGRESSIVE;
				CLANG_WARN_UNREACHABLE_CODE = YES;
				CLANG_WARN__DUPLICATE_METHOD_MATCH = YES;
				COPY_PHASE_STRIP = NO;
				DEBUG_INFORMATION_FORMAT = dwarf;
				DEVELOPMENT_TEAM = VR5Z389FF7;
				ENABLE_STRICT_OBJC_MSGSEND = YES;
				ENABLE_TESTABILITY = YES;
				ENABLE_USER_SCRIPT_SANDBOXING = YES;
				GCC_C_LANGUAGE_STANDARD = gnu17;
				GCC_DYNAMIC_NO_PIC = NO;
				GCC_NO_COMMON_BLOCKS = YES;
				GCC_OPTIMIZATION_LEVEL = 0;
				GCC_PREPROCESSOR_DEFINITIONS = (
					"DEBUG=1",
					"$(inherited)",
				);
				GCC_WARN_64_TO_32_BIT_CONVERSION = YES;
				GCC_WARN_ABOUT_RETURN_TYPE = YES_ERROR;
				GCC_WARN_UNDECLARED_SELECTOR = YES;
				GCC_WARN_UNINITIALIZED_AUTOS = YES_AGGRESSIVE;
				GCC_WARN_UNUSED_FUNCTION = YES;
				GCC_WARN_UNUSED_VARIABLE = YES;
				IPHONEOS_DEPLOYMENT_TARGET = 26.4;
				LOCALIZATION_PREFERS_STRING_CATALOGS = YES;
				MTL_ENABLE_DEBUG_INFO = INCLUDE_SOURCE;
				MTL_FAST_MATH = YES;
				ONLY_ACTIVE_ARCH = YES;
				SDKROOT = iphoneos;
				SWIFT_ACTIVE_COMPILATION_CONDITIONS = "DEBUG $(inherited)";
				SWIFT_OPTIMIZATION_LEVEL = "-Onone";
			};
			name = Debug;
		};
		9EB596712F98B57100CA0337 /* Release */ = {
			isa = XCBuildConfiguration;
			buildSettings = {
				ALWAYS_SEARCH_USER_PATHS = NO;
				ASSETCATALOG_COMPILER_GENERATE_SWIFT_ASSET_SYMBOL_EXTENSIONS = YES;
				CLANG_ANALYZER_NONNULL = YES;
				CLANG_ANALYZER_NUMBER_OBJECT_CONVERSION = YES_AGGRESSIVE;
				CLANG_CXX_LANGUAGE_STANDARD = "gnu++20";
				CLANG_ENABLE_MODULES = YES;
				CLANG_ENABLE_OBJC_ARC = YES;
				CLANG_ENABLE_OBJC_WEAK = YES;
				CLANG_WARN_BLOCK_CAPTURE_AUTORELEASING = YES;
				CLANG_WARN_BOOL_CONVERSION = YES;
				CLANG_WARN_COMMA = YES;
				CLANG_WARN_CONSTANT_CONVERSION = YES;
				CLANG_WARN_DEPRECATED_OBJC_IMPLEMENTATIONS = YES;
				CLANG_WARN_DIRECT_OBJC_ISA_USAGE = YES_ERROR;
				CLANG_WARN_DOCUMENTATION_COMMENTS = YES;
				CLANG_WARN_EMPTY_BODY = YES;
				CLANG_WARN_ENUM_CONVERSION = YES;
				CLANG_WARN_INFINITE_RECURSION = YES;
				CLANG_WARN_INT_CONVERSION = YES;
				CLANG_WARN_NON_LITERAL_NULL_CONVERSION = YES;
				CLANG_WARN_OBJC_IMPLICIT_RETAIN_SELF = YES;
				CLANG_WARN_OBJC_LITERAL_CONVERSION = YES;
				CLANG_WARN_OBJC_ROOT_CLASS = YES_ERROR;
				CLANG_WARN_QUOTED_INCLUDE_IN_FRAMEWORK_HEADER = YES;
				CLANG_WARN_RANGE_LOOP_ANALYSIS = YES;
				CLANG_WARN_STRICT_PROTOTYPES = YES;
				CLANG_WARN_SUSPICIOUS_MOVE = YES;
				CLANG_WARN_UNGUARDED_AVAILABILITY = YES_AGGRESSIVE;
				CLANG_WARN_UNREACHABLE_CODE = YES;
				CLANG_WARN__DUPLICATE_METHOD_MATCH = YES;
				COPY_PHASE_STRIP = NO;
				DEBUG_INFORMATION_FORMAT = "dwarf-with-dsym";
				DEVELOPMENT_TEAM = VR5Z389FF7;
				ENABLE_NS_ASSERTIONS = NO;
				ENABLE_STRICT_OBJC_MSGSEND = YES;
				ENABLE_USER_SCRIPT_SANDBOXING = YES;
				GCC_C_LANGUAGE_STANDARD = gnu17;
				GCC_NO_COMMON_BLOCKS = YES;
				GCC_WARN_64_TO_32_BIT_CONVERSION = YES;
				GCC_WARN_ABOUT_RETURN_TYPE = YES_ERROR;
				GCC_WARN_UNDECLARED_SELECTOR = YES;
				GCC_WARN_UNINITIALIZED_AUTOS = YES_AGGRESSIVE;
				GCC_WARN_UNUSED_FUNCTION = YES;
				GCC_WARN_UNUSED_VARIABLE = YES;
				IPHONEOS_DEPLOYMENT_TARGET = 26.4;
				LOCALIZATION_PREFERS_STRING_CATALOGS = YES;
				MTL_ENABLE_DEBUG_INFO = NO;
				MTL_FAST_MATH = YES;
				SDKROOT = iphoneos;
				SWIFT_COMPILATION_MODE = wholemodule;
				VALIDATE_PRODUCT = YES;
			};
			name = Release;
		};
		9EB596732F98B57100CA0337 /* Debug */ = {
			isa = XCBuildConfiguration;
			buildSettings = {
				ASSETCATALOG_COMPILER_APPICON_NAME = AppIcon;
				ASSETCATALOG_COMPILER_GLOBAL_ACCENT_COLOR_NAME = AccentColor;
				CODE_SIGN_ENTITLEMENTS = Filterz/Filterz.entitlements;
				CODE_SIGN_STYLE = Automatic;
				CURRENT_PROJECT_VERSION = 1;
				DEVELOPMENT_TEAM = VR5Z389FF7;
				ENABLE_PREVIEWS = YES;
				GENERATE_INFOPLIST_FILE = YES;
				INFOPLIST_KEY_LSApplicationCategoryType = "public.app-category.photography";
				INFOPLIST_KEY_UIApplicationSceneManifest_Generation = YES;
				INFOPLIST_KEY_UIApplicationSupportsIndirectInputEvents = YES;
				INFOPLIST_KEY_UILaunchScreen_Generation = YES;
				INFOPLIST_KEY_UIStatusBarHidden = YES;
				INFOPLIST_KEY_UIStatusBarStyle = UIStatusBarStyleDarkContent;
				INFOPLIST_KEY_UISupportedInterfaceOrientations = UIInterfaceOrientationPortrait;
				INFOPLIST_KEY_UISupportedInterfaceOrientations_iPad = "UIInterfaceOrientationLandscapeLeft UIInterfaceOrientationLandscapeRight UIInterfaceOrientationPortrait UIInterfaceOrientationPortraitUpsideDown";
				IPHONEOS_DEPLOYMENT_TARGET = 18.6;
				LD_RUNPATH_SEARCH_PATHS = (
					"$(inherited)",
					"@executable_path/Frameworks",
				);
				MARKETING_VERSION = 1.0;
				PRODUCT_BUNDLE_IDENTIFIER = com.jade.Filterz;
				PRODUCT_NAME = "$(TARGET_NAME)";
				STRING_CATALOG_GENERATE_SYMBOLS = YES;
				SUPPORTED_PLATFORMS = "iphoneos iphonesimulator";
				SUPPORTS_MACCATALYST = NO;
				SUPPORTS_MAC_DESIGNED_FOR_IPHONE_IPAD = NO;
				SUPPORTS_XR_DESIGNED_FOR_IPHONE_IPAD = NO;
				SWIFT_APPROACHABLE_CONCURRENCY = YES;
				SWIFT_DEFAULT_ACTOR_ISOLATION = MainActor;
				SWIFT_EMIT_LOC_STRINGS = YES;
				SWIFT_UPCOMING_FEATURE_MEMBER_IMPORT_VISIBILITY = YES;
				SWIFT_VERSION = 5.0;
				TARGETED_DEVICE_FAMILY = 1;
			};
			name = Debug;
		};
		9EB596742F98B57100CA0337 /* Release */ = {
			isa = XCBuildConfiguration;
			buildSettings = {
				ASSETCATALOG_COMPILER_APPICON_NAME = AppIcon;
				ASSETCATALOG_COMPILER_GLOBAL_ACCENT_COLOR_NAME = AccentColor;
				CODE_SIGN_ENTITLEMENTS = Filterz/Filterz.entitlements;
				CODE_SIGN_STYLE = Automatic;
				CURRENT_PROJECT_VERSION = 1;
				DEVELOPMENT_TEAM = VR5Z389FF7;
				ENABLE_PREVIEWS = YES;
				GENERATE_INFOPLIST_FILE = YES;
				INFOPLIST_KEY_LSApplicationCategoryType = "public.app-category.photography";
				INFOPLIST_KEY_UIApplicationSceneManifest_Generation = YES;
				INFOPLIST_KEY_UIApplicationSupportsIndirectInputEvents = YES;
				INFOPLIST_KEY_UILaunchScreen_Generation = YES;
				INFOPLIST_KEY_UIStatusBarHidden = YES;
				INFOPLIST_KEY_UIStatusBarStyle = UIStatusBarStyleDarkContent;
				INFOPLIST_KEY_UISupportedInterfaceOrientations = UIInterfaceOrientationPortrait;
				INFOPLIST_KEY_UISupportedInterfaceOrientations_iPad = "UIInterfaceOrientationLandscapeLeft UIInterfaceOrientationLandscapeRight UIInterfaceOrientationPortrait UIInterfaceOrientationPortraitUpsideDown";
				IPHONEOS_DEPLOYMENT_TARGET = 18.6;
				LD_RUNPATH_SEARCH_PATHS = (
					"$(inherited)",
					"@executable_path/Frameworks",
				);
				MARKETING_VERSION = 1.0;
				PRODUCT_BUNDLE_IDENTIFIER = com.jade.Filterz;
				PRODUCT_NAME = "$(TARGET_NAME)";
				STRING_CATALOG_GENERATE_SYMBOLS = YES;
				SUPPORTED_PLATFORMS = "iphoneos iphonesimulator";
				SUPPORTS_MACCATALYST = NO;
				SUPPORTS_MAC_DESIGNED_FOR_IPHONE_IPAD = NO;
				SUPPORTS_XR_DESIGNED_FOR_IPHONE_IPAD = NO;
				SWIFT_APPROACHABLE_CONCURRENCY = YES;
				SWIFT_DEFAULT_ACTOR_ISOLATION = MainActor;
				SWIFT_EMIT_LOC_STRINGS = YES;
				SWIFT_UPCOMING_FEATURE_MEMBER_IMPORT_VISIBILITY = YES;
				SWIFT_VERSION = 5.0;
				TARGETED_DEVICE_FAMILY = 1;
			};
			name = Release;
		};
		9EB596762F98B57100CA0337 /* Debug */ = {
			isa = XCBuildConfiguration;
			buildSettings = {
				BUNDLE_LOADER = "$(TEST_HOST)";
				CODE_SIGN_STYLE = Automatic;
				CURRENT_PROJECT_VERSION = 1;
				DEVELOPMENT_TEAM = VR5Z389FF7;
				GENERATE_INFOPLIST_FILE = YES;
				IPHONEOS_DEPLOYMENT_TARGET = 26.4;
				MARKETING_VERSION = 1.0;
				PRODUCT_BUNDLE_IDENTIFIER = com.jade.FilterzTests;
				PRODUCT_NAME = "$(TARGET_NAME)";
				STRING_CATALOG_GENERATE_SYMBOLS = NO;
				SWIFT_APPROACHABLE_CONCURRENCY = YES;
				SWIFT_EMIT_LOC_STRINGS = NO;
				SWIFT_UPCOMING_FEATURE_MEMBER_IMPORT_VISIBILITY = YES;
				SWIFT_VERSION = 5.0;
				TARGETED_DEVICE_FAMILY = "1,2";
				TEST_HOST = "$(BUILT_PRODUCTS_DIR)/Filterz.app/$(BUNDLE_EXECUTABLE_FOLDER_PATH)/Filterz";
			};
			name = Debug;
		};
		9EB596772F98B57100CA0337 /* Release */ = {
			isa = XCBuildConfiguration;
			buildSettings = {
				BUNDLE_LOADER = "$(TEST_HOST)";
				CODE_SIGN_STYLE = Automatic;
				CURRENT_PROJECT_VERSION = 1;
				DEVELOPMENT_TEAM = VR5Z389FF7;
				GENERATE_INFOPLIST_FILE = YES;
				IPHONEOS_DEPLOYMENT_TARGET = 26.4;
				MARKETING_VERSION = 1.0;
				PRODUCT_BUNDLE_IDENTIFIER = com.jade.FilterzTests;
				PRODUCT_NAME = "$(TARGET_NAME)";
				STRING_CATALOG_GENERATE_SYMBOLS = NO;
				SWIFT_APPROACHABLE_CONCURRENCY = YES;
				SWIFT_EMIT_LOC_STRINGS = NO;
				SWIFT_UPCOMING_FEATURE_MEMBER_IMPORT_VISIBILITY = YES;
				SWIFT_VERSION = 5.0;
				TARGETED_DEVICE_FAMILY = "1,2";
				TEST_HOST = "$(BUILT_PRODUCTS_DIR)/Filterz.app/$(BUNDLE_EXECUTABLE_FOLDER_PATH)/Filterz";
			};
			name = Release;
		};
		9EB596792F98B57100CA0337 /* Debug */ = {
			isa = XCBuildConfiguration;
			buildSettings = {
				CODE_SIGN_STYLE = Automatic;
				CURRENT_PROJECT_VERSION = 1;
				DEVELOPMENT_TEAM = VR5Z389FF7;
				GENERATE_INFOPLIST_FILE = YES;
				MARKETING_VERSION = 1.0;
				PRODUCT_BUNDLE_IDENTIFIER = com.jade.FilterzUITests;
				PRODUCT_NAME = "$(TARGET_NAME)";
				STRING_CATALOG_GENERATE_SYMBOLS = NO;
				SWIFT_APPROACHABLE_CONCURRENCY = YES;
				SWIFT_EMIT_LOC_STRINGS = NO;
				SWIFT_UPCOMING_FEATURE_MEMBER_IMPORT_VISIBILITY = YES;
				SWIFT_VERSION = 5.0;
				TARGETED_DEVICE_FAMILY = "1,2";
				TEST_TARGET_NAME = Filterz;
			};
			name = Debug;
		};
		9EB5967A2F98B57100CA0337 /* Release */ = {
			isa = XCBuildConfiguration;
			buildSettings = {
				CODE_SIGN_STYLE = Automatic;
				CURRENT_PROJECT_VERSION = 1;
				DEVELOPMENT_TEAM = VR5Z389FF7;
				GENERATE_INFOPLIST_FILE = YES;
				MARKETING_VERSION = 1.0;
				PRODUCT_BUNDLE_IDENTIFIER = com.jade.FilterzUITests;
				PRODUCT_NAME = "$(TARGET_NAME)";
				STRING_CATALOG_GENERATE_SYMBOLS = NO;
				SWIFT_APPROACHABLE_CONCURRENCY = YES;
				SWIFT_EMIT_LOC_STRINGS = NO;
				SWIFT_UPCOMING_FEATURE_MEMBER_IMPORT_VISIBILITY = YES;
				SWIFT_VERSION = 5.0;
				TARGETED_DEVICE_FAMILY = "1,2";
				TEST_TARGET_NAME = Filterz;
			};
			name = Release;
		};
/* End XCBuildConfiguration section */

/* Begin XCConfigurationList section */
		9EB5964C2F98B56F00CA0337 /* Build configuration list for PBXProject "Filterz" */ = {
			isa = XCConfigurationList;
			buildConfigurations = (
				9EB596702F98B57100CA0337 /* Debug */,
				9EB596712F98B57100CA0337 /* Release */,
			);
			defaultConfigurationIsVisible = 0;
			defaultConfigurationName = Release;
		};
		9EB596722F98B57100CA0337 /* Build configuration list for PBXNativeTarget "Filterz" */ = {
			isa = XCConfigurationList;
			buildConfigurations = (
				9EB596732F98B57100CA0337 /* Debug */,
				9EB596742F98B57100CA0337 /* Release */,
			);
			defaultConfigurationIsVisible = 0;
			defaultConfigurationName = Release;
		};
		9EB596752F98B57100CA0337 /* Build configuration list for PBXNativeTarget "FilterzTests" */ = {
			isa = XCConfigurationList;
			buildConfigurations = (
				9EB596762F98B57100CA0337 /* Debug */,
				9EB596772F98B57100CA0337 /* Release */,
			);
			defaultConfigurationIsVisible = 0;
			defaultConfigurationName = Release;
		};
		9EB596782F98B57100CA0337 /* Build configuration list for PBXNativeTarget "FilterzUITests" */ = {
			isa = XCConfigurationList;
			buildConfigurations = (
				9EB596792F98B57100CA0337 /* Debug */,
				9EB5967A2F98B57100CA0337 /* Release */,
			);
			defaultConfigurationIsVisible = 0;
			defaultConfigurationName = Release;
		};
/* End XCConfigurationList section */

/* Begin XCRemoteSwiftPackageReference section */
		9EB5967D2F98F8C300CA0337 /* XCRemoteSwiftPackageReference "swift-composable-architecture" */ = {
			isa = XCRemoteSwiftPackageReference;
			repositoryURL = "https://github.com/pointfreeco/swift-composable-architecture.git";
			requirement = {
				kind = upToNextMajorVersion;
				minimumVersion = 1.25.5;
			};
			traits = (
			);
		};
		9EB596812F98FB1C00CA0337 /* XCRemoteSwiftPackageReference "kakao-ios-sdk" */ = {
			isa = XCRemoteSwiftPackageReference;
			repositoryURL = "https://github.com/kakao/kakao-ios-sdk";
			requirement = {
				kind = upToNextMajorVersion;
				minimumVersion = 2.27.3;
			};
		};
/* End XCRemoteSwiftPackageReference section */

/* Begin XCSwiftPackageProductDependency section */
		9EB5967E2F98F8C300CA0337 /* ComposableArchitecture */ = {
			isa = XCSwiftPackageProductDependency;
			package = 9EB5967D2F98F8C300CA0337 /* XCRemoteSwiftPackageReference "swift-composable-architecture" */;
			productName = ComposableArchitecture;
		};
		9EB596822F98FB1C00CA0337 /* KakaoSDKAuth */ = {
			isa = XCSwiftPackageProductDependency;
			package = 9EB596812F98FB1C00CA0337 /* XCRemoteSwiftPackageReference "kakao-ios-sdk" */;
			productName = KakaoSDKAuth;
		};
		9EB596842F98FB1C00CA0337 /* KakaoSDKCommon */ = {
			isa = XCSwiftPackageProductDependency;
			package = 9EB596812F98FB1C00CA0337 /* XCRemoteSwiftPackageReference "kakao-ios-sdk" */;
			productName = KakaoSDKCommon;
		};
		9EB596862F98FB1C00CA0337 /* KakaoSDKUser */ = {
			isa = XCSwiftPackageProductDependency;
			package = 9EB596812F98FB1C00CA0337 /* XCRemoteSwiftPackageReference "kakao-ios-sdk" */;
			productName = KakaoSDKUser;
		};
/* End XCSwiftPackageProductDependency section */
	};
	rootObject = 9EB596492F98B56F00CA0337 /* Project object */;
}
